
Microsoft Visual Studio Solution File, Format Version 12.00
# Visual Studio Version 17
VisualStudioVersion = 17.9.34622.214
MinimumVisualStudioVersion = 10.0.40219.1
Project("{FAE04EC0-301F-11D3-BF4B-00C04F79EFBC}") = "PhotoEditor_CG2", "PhotoEditor_CG2\PhotoEditor_CG2.csproj", "{D3573748-6CE9-4095-B8BE-B37C76A915BE}"
EndProject
Global
	GlobalSection(SolutionConfigurationPlatforms) = preSolution
		Debug|Any CPU = Debug|Any CPU
		Release|Any CPU = Release|Any CPU
	EndGlobalSection
	GlobalSection(ProjectConfigurationPlatforms) = postSolution
		{D3573748-6CE9-4095-B8BE-B37C76A915BE}.Debug|Any CPU.ActiveCfg = Debug|Any CPU
		{D3573748-6CE9-4095-B8BE-B37C76A915BE}.Debug|Any CPU.Build.0 = Debug|Any CPU
		{D3573748-6CE9-4095-B8BE-B37C76A915BE}.Release|Any CPU.ActiveCfg = Release|Any CPU
		{D3573748-6CE9-4095-B8BE-B37C76A915BE}.Release|Any CPU.Build.0 = Release|Any CPU
	EndGlobalSection
	GlobalSection(SolutionProperties) = preSolution
		HideSolutionNode = FALSE
	EndGlobalSection
	GlobalSection(ExtensibilityGlobals) = postSolution
		SolutionGuid = {C233C8AC-ABC9-47A4-AF14-7DBE469C5223}
	EndGlobalSection
EndGlobal
